
Microsoft Visual Studio Solution File, Format Version 12.00
# Visual Studio 15
VisualStudioVersion = 15.0.26510.0
MinimumVisualStudioVersion = 10.0.40219.1
Project("{8BC9CEB8-8B4A-11D0-8D11-00A0C91BC942}") = "ProcessCreateTests", "ProcessCreateTests.vcxproj", "{09FF789A-4CF0-4272-9B7A-3ABF5F291833}"
EndProject
Global
	GlobalSection(SolutionConfigurationPlatforms) = preSolution
		Debug|x64 = Debug|x64
		Debug|x86 = Debug|x86
		Release|x64 = Release|x64
		Release|x86 = Release|x86
	EndGlobalSection
	GlobalSection(ProjectConfigurationPlatforms) = postSolution
		{09FF789A-4CF0-4272-9B7A-3ABF5F291833}.Debug|x64.ActiveCfg = Debug|x64
		{09FF789A-4CF0-4272-9B7A-3ABF5F291833}.Debug|x64.Build.0 = Debug|x64
		{09FF789A-4CF0-4272-9B7A-3ABF5F291833}.Debug|x86.ActiveCfg = Debug|Win32
		{09FF789A-4CF0-4272-9B7A-3ABF5F291833}.Debug|x86.Build.0 = Debug|Win32
		{09FF789A-4CF0-4272-9B7A-3ABF5F291833}.Release|x64.ActiveCfg = Release|x64
		{09FF789A-4CF0-4272-9B7A-3ABF5F291833}.Release|x64.Build.0 = Release|x64
		{09FF789A-4CF0-4272-9B7A-3ABF5F291833}.Release|x86.ActiveCfg = Release|Win32
		{09FF789A-4CF0-4272-9B7A-3ABF5F291833}.Release|x86.Build.0 = Release|Win32
	EndGlobalSection
	GlobalSection(SolutionProperties) = preSolution
		HideSolutionNode = FALSE
	EndGlobalSection
	GlobalSection(ExtensibilityGlobals) = postSolution
		SolutionGuid = {570F0DD6-FD58-431D-ACC3-5F817191C140}
	EndGlobalSection
EndGlobal
